
Microsoft Visual Studio Solution File, Format Version 12.00
# Visual Studio 15
VisualStudioVersion = 15.0.28307.539
MinimumVisualStudioVersion = 10.0.40219.1
Project("{FAE04EC0-301F-11D3-BF4B-00C04F79EFBC}") = "BD_MarLen", "BD_MarLen\BD_MarLen.csproj", "{8C030187-C821-4E8D-A869-168D473BE543}"
EndProject
Global
	GlobalSection(SolutionConfigurationPlatforms) = preSolution
		Debug|Any CPU = Debug|Any CPU
		Release|Any CPU = Release|Any CPU
	EndGlobalSection
	GlobalSection(ProjectConfigurationPlatforms) = postSolution
		{8C030187-C821-4E8D-A869-168D473BE543}.Debug|Any CPU.ActiveCfg = Debug|Any CPU
		{8C030187-C821-4E8D-A869-168D473BE543}.Debug|Any CPU.Build.0 = Debug|Any CPU
		{8C030187-C821-4E8D-A869-168D473BE543}.Release|Any CPU.ActiveCfg = Release|Any CPU
		{8C030187-C821-4E8D-A869-168D473BE543}.Release|Any CPU.Build.0 = Release|Any CPU
	EndGlobalSection
	GlobalSection(SolutionProperties) = preSolution
		HideSolutionNode = FALSE
	EndGlobalSection
	GlobalSection(ExtensibilityGlobals) = postSolution
		SolutionGuid = {22FAB583-2DE0-4EFA-8AD0-97E298B4CFA4}
	EndGlobalSection
EndGlobal
